
Microsoft Visual Studio Solution File, Format Version 12.00
# Visual Studio Version 16
VisualStudioVersion = 16.0.30413.136
MinimumVisualStudioVersion = 10.0.40219.1
Project("{FAE04EC0-301F-11D3-BF4B-00C04F79EFBC}") = "Tameenk.AutoLeasing.Identity", "Tameenk.AutoLeasing.Identity\Tameenk.AutoLeasing.Identity.csproj", "{F38F56AB-F219-4E3B-BE64-A026F44FC0EE}"
EndProject
Project("{FAE04EC0-301F-11D3-BF4B-00C04F79EFBC}") = "Tameenk.AutoLeasing.IdentityAPI", "Tameenk.AutoLeasing.IdentityAPI\Tameenk.AutoLeasing.IdentityAPI.csproj", "{0D1A8D60-EF9B-49F2-9553-9482B2328CDB}"
EndProject
Project("{2150E333-8FDC-42A3-9474-1A3956D46DE8}") = "Tameenk.AutoLeasing.Presentation", "Tameenk.AutoLeasing.Presentation", "{4A326A04-DB04-411F-9E17-A3D47C6916BC}"
EndProject
Global
	GlobalSection(SolutionConfigurationPlatforms) = preSolution
		Debug|Any CPU = Debug|Any CPU
		Release|Any CPU = Release|Any CPU
	EndGlobalSection
	GlobalSection(ProjectConfigurationPlatforms) = postSolution
		{F38F56AB-F219-4E3B-BE64-A026F44FC0EE}.Debug|Any CPU.ActiveCfg = Debug|Any CPU
		{F38F56AB-F219-4E3B-BE64-A026F44FC0EE}.Debug|Any CPU.Build.0 = Debug|Any CPU
		{F38F56AB-F219-4E3B-BE64-A026F44FC0EE}.Release|Any CPU.ActiveCfg = Release|Any CPU
		{F38F56AB-F219-4E3B-BE64-A026F44FC0EE}.Release|Any CPU.Build.0 = Release|Any CPU
		{0D1A8D60-EF9B-49F2-9553-9482B2328CDB}.Debug|Any CPU.ActiveCfg = Debug|Any CPU
		{0D1A8D60-EF9B-49F2-9553-9482B2328CDB}.Debug|Any CPU.Build.0 = Debug|Any CPU
		{0D1A8D60-EF9B-49F2-9553-9482B2328CDB}.Release|Any CPU.ActiveCfg = Release|Any CPU
		{0D1A8D60-EF9B-49F2-9553-9482B2328CDB}.Release|Any CPU.Build.0 = Release|Any CPU
	EndGlobalSection
	GlobalSection(SolutionProperties) = preSolution
		HideSolutionNode = FALSE
	EndGlobalSection
	GlobalSection(ExtensibilityGlobals) = postSolution
		SolutionGuid = {15479F4E-EC4E-4B3A-9DF6-723E3CD9A464}
	EndGlobalSection
EndGlobal
